
Microsoft Visual Studio Solution File, Format Version 12.00
# Visual Studio 15
VisualStudioVersion = 15.0.28307.572
MinimumVisualStudioVersion = 10.0.40219.1
Project("{FAE04EC0-301F-11D3-BF4B-00C04F79EFBC}") = "WebAPI", "WebAPI\WebAPI.csproj", "{313A8E04-165A-4BAA-B543-329E7F6D9B15}"
EndProject
Project("{FAE04EC0-301F-11D3-BF4B-00C04F79EFBC}") = "dotNETMVCClient", "dotNETMVCClient\dotNETMVCClient.csproj", "{D480A328-0F68-4FFC-BD52-C4AFE915C227}"
EndProject
Global
	GlobalSection(SolutionConfigurationPlatforms) = preSolution
		Debug|Any CPU = Debug|Any CPU
		Release|Any CPU = Release|Any CPU
	EndGlobalSection
	GlobalSection(ProjectConfigurationPlatforms) = postSolution
		{313A8E04-165A-4BAA-B543-329E7F6D9B15}.Debug|Any CPU.ActiveCfg = Debug|Any CPU
		{313A8E04-165A-4BAA-B543-329E7F6D9B15}.Debug|Any CPU.Build.0 = Debug|Any CPU
		{313A8E04-165A-4BAA-B543-329E7F6D9B15}.Release|Any CPU.ActiveCfg = Release|Any CPU
		{313A8E04-165A-4BAA-B543-329E7F6D9B15}.Release|Any CPU.Build.0 = Release|Any CPU
		{D480A328-0F68-4FFC-BD52-C4AFE915C227}.Debug|Any CPU.ActiveCfg = Debug|Any CPU
		{D480A328-0F68-4FFC-BD52-C4AFE915C227}.Debug|Any CPU.Build.0 = Debug|Any CPU
		{D480A328-0F68-4FFC-BD52-C4AFE915C227}.Release|Any CPU.ActiveCfg = Release|Any CPU
		{D480A328-0F68-4FFC-BD52-C4AFE915C227}.Release|Any CPU.Build.0 = Release|Any CPU
	EndGlobalSection
	GlobalSection(SolutionProperties) = preSolution
		HideSolutionNode = FALSE
	EndGlobalSection
	GlobalSection(ExtensibilityGlobals) = postSolution
		SolutionGuid = {1135D654-BEE6-4512-8313-4A6E496E97BB}
	EndGlobalSection
EndGlobal
